{
  "version": 4,
  "terraform_version": "1.7.4",
  "serial": 37,
  "lineage": "80dc00d4-315e-ef4d-4f78-d5fe0d57d149",
  "outputs": {},
  "resources": [
    {
      "mode": "managed",
      "type": "azurerm_app_service_plan",
      "name": "projet-pas",
      "provider": "provider[\"registry.terraform.io/hashicorp/azurerm\"]",
      "instances": [
        {
          "schema_version": 1,
          "attributes": {
            "app_service_environment_id": "",
            "id": "/subscriptions/111aaa69-41b9-4dfd-b6af-2ada039dd1ae/resourceGroups/projet-ok-prod-rg/providers/Microsoft.Web/serverFarms/projet-ok-prod-pas",
            "is_xenon": false,
            "kind": "Windows",
            "location": "francecentral",
            "maximum_elastic_worker_count": 1,
            "maximum_number_of_workers": 1,
            "name": "projet-ok-prod-pas",
            "per_site_scaling": false,
            "reserved": false,
            "resource_group_name": "projet-ok-prod-rg",
            "sku": [
              {
                "capacity": 0,
                "size": "F1",
                "tier": "Free"
              }
            ],
            "tags": {},
            "timeouts": null,
            "zone_redundant": false
          },
          "sensitive_attributes": [],
          "private": "eyJlMmJmYjczMC1lY2FhLTExZTYtOGY4OC0zNDM2M2JjN2M0YzAiOnsiY3JlYXRlIjozNjAwMDAwMDAwMDAwLCJkZWxldGUiOjM2MDAwMDAwMDAwMDAsInJlYWQiOjMwMDAwMDAwMDAwMCwidXBkYXRlIjozNjAwMDAwMDAwMDAwfSwic2NoZW1hX3ZlcnNpb24iOiIxIn0=",
          "dependencies": [
            "azurerm_resource_group.projet-rg"
          ]
        }
      ]
    },
    {
      "mode": "managed",
      "type": "azurerm_resource_group",
      "name": "projet-rg",
      "provider": "provider[\"registry.terraform.io/hashicorp/azurerm\"]",
      "instances": [
        {
          "schema_version": 0,
          "attributes": {
            "id": "/subscriptions/111aaa69-41b9-4dfd-b6af-2ada039dd1ae/resourceGroups/projet-ok-prod-rg",
            "location": "francecentral",
            "managed_by": "",
            "name": "projet-ok-prod-rg",
            "tags": {},
            "timeouts": null
          },
          "sensitive_attributes": [],
          "private": "eyJlMmJmYjczMC1lY2FhLTExZTYtOGY4OC0zNDM2M2JjN2M0YzAiOnsiY3JlYXRlIjo1NDAwMDAwMDAwMDAwLCJkZWxldGUiOjU0MDAwMDAwMDAwMDAsInJlYWQiOjMwMDAwMDAwMDAwMCwidXBkYXRlIjo1NDAwMDAwMDAwMDAwfX0="
        }
      ]
    },
    {
      "mode": "managed",
      "type": "azurerm_sql_database",
      "name": "projet-database",
      "provider": "provider[\"registry.terraform.io/hashicorp/azurerm\"]",
      "instances": [
        {
          "schema_version": 0,
          "attributes": {
            "collation": "SQL_Latin1_General_CP1_CI_AS",
            "create_mode": "Default",
            "creation_date": "2024-04-24T14:32:17.837Z",
            "default_secondary_location": "France South",
            "edition": "Basic",
            "elastic_pool_name": "",
            "encryption": "",
            "id": "/subscriptions/111aaa69-41b9-4dfd-b6af-2ada039dd1ae/resourceGroups/projet-ok-prod-rg/providers/Microsoft.Sql/servers/projet-ok-prod-sqlserver/databases/projet-ok-prod-database",
            "import": [],
            "location": "francecentral",
            "max_size_bytes": "2147483648",
            "max_size_gb": "1",
            "name": "projet-ok-prod-database",
            "read_scale": false,
            "requested_service_objective_id": "dd6d99bb-f193-4ec1-86f2-43d3bccbc49c",
            "requested_service_objective_name": "Basic",
            "resource_group_name": "projet-ok-prod-rg",
            "restore_point_in_time": null,
            "server_name": "projet-ok-prod-sqlserver",
            "source_database_deletion_date": null,
            "source_database_id": null,
            "tags": {},
            "threat_detection_policy": [
              {
                "disabled_alerts": [],
                "email_account_admins": "Disabled",
                "email_addresses": [],
                "retention_days": 0,
                "state": "Disabled",
                "storage_account_access_key": "",
                "storage_endpoint": ""
              }
            ],
            "timeouts": null,
            "zone_redundant": false
          },
          "sensitive_attributes": [],
          "private": "eyJlMmJmYjczMC1lY2FhLTExZTYtOGY4OC0zNDM2M2JjN2M0YzAiOnsiY3JlYXRlIjozNjAwMDAwMDAwMDAwLCJkZWxldGUiOjM2MDAwMDAwMDAwMDAsInJlYWQiOjMwMDAwMDAwMDAwMCwidXBkYXRlIjozNjAwMDAwMDAwMDAwfX0=",
          "dependencies": [
            "azurerm_resource_group.projet-rg",
            "azurerm_sql_server.projet-sqlserveur"
          ]
        }
      ]
    },
    {
      "mode": "managed",
      "type": "azurerm_sql_firewall_rule",
      "name": "allow_client_ip",
      "provider": "provider[\"registry.terraform.io/hashicorp/azurerm\"]",
      "instances": [
        {
          "schema_version": 0,
          "attributes": {
            "end_ip_address": "212.114.17.77",
            "id": "/subscriptions/111aaa69-41b9-4dfd-b6af-2ada039dd1ae/resourceGroups/projet-ok-prod-rg/providers/Microsoft.Sql/servers/projet-ok-prod-sqlserver/firewallRules/AllowClientIP",
            "name": "AllowClientIP",
            "resource_group_name": "projet-ok-prod-rg",
            "server_name": "projet-ok-prod-sqlserver",
            "start_ip_address": "212.114.17.77",
            "timeouts": null
          },
          "sensitive_attributes": [],
          "private": "eyJlMmJmYjczMC1lY2FhLTExZTYtOGY4OC0zNDM2M2JjN2M0YzAiOnsiY3JlYXRlIjoxODAwMDAwMDAwMDAwLCJkZWxldGUiOjE4MDAwMDAwMDAwMDAsInJlYWQiOjMwMDAwMDAwMDAwMCwidXBkYXRlIjoxODAwMDAwMDAwMDAwfX0=",
          "dependencies": [
            "azurerm_resource_group.projet-rg",
            "azurerm_sql_server.projet-sqlserveur"
          ]
        }
      ]
    },
    {
      "mode": "managed",
      "type": "azurerm_sql_server",
      "name": "projet-sqlserveur",
      "provider": "provider[\"registry.terraform.io/hashicorp/azurerm\"]",
      "instances": [
        {
          "schema_version": 0,
          "attributes": {
            "administrator_login": "adminlogin",
            "administrator_login_password": "AdminPassword123!",
            "connection_policy": "Default",
            "fully_qualified_domain_name": "projet-ok-prod-sqlserver.database.windows.net",
            "id": "/subscriptions/111aaa69-41b9-4dfd-b6af-2ada039dd1ae/resourceGroups/projet-ok-prod-rg/providers/Microsoft.Sql/servers/projet-ok-prod-sqlserver",
            "identity": [],
            "location": "francecentral",
            "name": "projet-ok-prod-sqlserver",
            "resource_group_name": "projet-ok-prod-rg",
            "tags": {},
            "threat_detection_policy": [
              {
                "disabled_alerts": [
                  ""
                ],
                "email_account_admins": false,
                "email_addresses": [
                  ""
                ],
                "retention_days": 0,
                "state": "Disabled",
                "storage_account_access_key": "",
                "storage_endpoint": ""
              }
            ],
            "timeouts": null,
            "version": "12.0"
          },
          "sensitive_attributes": [],
          "private": "eyJlMmJmYjczMC1lY2FhLTExZTYtOGY4OC0zNDM2M2JjN2M0YzAiOnsiY3JlYXRlIjozNjAwMDAwMDAwMDAwLCJkZWxldGUiOjM2MDAwMDAwMDAwMDAsInJlYWQiOjMwMDAwMDAwMDAwMCwidXBkYXRlIjozNjAwMDAwMDAwMDAwfX0=",
          "dependencies": [
            "azurerm_resource_group.projet-rg"
          ]
        }
      ]
    }
  ],
  "check_results": null
}
